// !$*UTF8*$!
{
	archiveVersion = 1;
	classes = {
	};
	objectVersion = 52;
	objects = {

/* Begin PBXBuildFile section */
		CC4DC3FE26CCB91400031340 /* UDPTestViewController.swift in Sources */ = {isa = PBXBuildFile; fileRef = CC4DC3FC26CCB91300031340 /* UDPTestViewController.swift */; };
		CC4DC3FF26CCB91400031340 /* UDPTestViewController.xib in Resources */ = {isa = PBXBuildFile; fileRef = CC4DC3FD26CCB91400031340 /* UDPTestViewController.xib */; };
		CC4DC40126CCC61B00031340 /* MainViewController.swift in Sources */ = {isa = PBXBuildFile; fileRef = CC4DC40026CCC61B00031340 /* MainViewController.swift */; };
		CC4DC40526CCCAD200031340 /* ChatView.swift in Sources */ = {isa = PBXBuildFile; fileRef = CC4DC40426CCCAD200031340 /* ChatView.swift */; };
		CF100D8526CAB54C00C7672A /* AppDelegate.swift in Sources */ = {isa = PBXBuildFile; fileRef = CF100D8426CAB54C00C7672A /* AppDelegate.swift */; };
		CF100D8726CAB54C00C7672A /* SceneDelegate.swift in Sources */ = {isa = PBXBuildFile; fileRef = CF100D8626CAB54C00C7672A /* SceneDelegate.swift */; };
		CF100D8926CAB54C00C7672A /* ViewController.swift in Sources */ = {isa = PBXBuildFile; fileRef = CF100D8826CAB54C00C7672A /* ViewController.swift */; };
		CF100D8C26CAB54C00C7672A /* Main.storyboard in Resources */ = {isa = PBXBuildFile; fileRef = CF100D8A26CAB54C00C7672A /* Main.storyboard */; };
		CF100D8E26CAB55100C7672A /* Assets.xcassets in Resources */ = {isa = PBXBuildFile; fileRef = CF100D8D26CAB55100C7672A /* Assets.xcassets */; };
		CF100D9126CAB55100C7672A /* LaunchScreen.storyboard in Resources */ = {isa = PBXBuildFile; fileRef = CF100D8F26CAB55100C7672A /* LaunchScreen.storyboard */; };
		CF100D9B26CAB75800C7672A /* CocoaAsyncSocket in Frameworks */ = {isa = PBXBuildFile; productRef = CF100D9A26CAB75800C7672A /* CocoaAsyncSocket */; };
/* End PBXBuildFile section */

/* Begin PBXFileReference section */
		CC4DC3FC26CCB91300031340 /* UDPTestViewController.swift */ = {isa = PBXFileReference; lastKnownFileType = sourcecode.swift; path = UDPTestViewController.swift; sourceTree = "<group>"; };
		CC4DC3FD26CCB91400031340 /* UDPTestViewController.xib */ = {isa = PBXFileReference; lastKnownFileType = file.xib; path = UDPTestViewController.xib; sourceTree = "<group>"; };
		CC4DC40026CCC61B00031340 /* MainViewController.swift */ = {isa = PBXFileReference; lastKnownFileType = sourcecode.swift; path = MainViewController.swift; sourceTree = "<group>"; };
		CC4DC40426CCCAD200031340 /* ChatView.swift */ = {isa = PBXFileReference; lastKnownFileType = sourcecode.swift; path = ChatView.swift; sourceTree = "<group>"; };
		CF100D8126CAB54C00C7672A /* BikeAeroSensor.app */ = {isa = PBXFileReference; explicitFileType = wrapper.application; includeInIndex = 0; path = BikeAeroSensor.app; sourceTree = BUILT_PRODUCTS_DIR; };
		CF100D8426CAB54C00C7672A /* AppDelegate.swift */ = {isa = PBXFileReference; lastKnownFileType = sourcecode.swift; path = AppDelegate.swift; sourceTree = "<group>"; };
		CF100D8626CAB54C00C7672A /* SceneDelegate.swift */ = {isa = PBXFileReference; lastKnownFileType = sourcecode.swift; path = SceneDelegate.swift; sourceTree = "<group>"; };
		CF100D8826CAB54C00C7672A /* ViewController.swift */ = {isa = PBXFileReference; lastKnownFileType = sourcecode.swift; path = ViewController.swift; sourceTree = "<group>"; };
		CF100D8B26CAB54C00C7672A /* Base */ = {isa = PBXFileReference; lastKnownFileType = file.storyboard; name = Base; path = Base.lproj/Main.storyboard; sourceTree = "<group>"; };
		CF100D8D26CAB55100C7672A /* Assets.xcassets */ = {isa = PBXFileReference; lastKnownFileType = folder.assetcatalog; path = Assets.xcassets; sourceTree = "<group>"; };
		CF100D9026CAB55100C7672A /* Base */ = {isa = PBXFileReference; lastKnownFileType = file.storyboard; name = Base; path = Base.lproj/LaunchScreen.storyboard; sourceTree = "<group>"; };
		CF100D9226CAB55100C7672A /* Info.plist */ = {isa = PBXFileReference; lastKnownFileType = text.plist.xml; path = Info.plist; sourceTree = "<group>"; };
/* End PBXFileReference section */

/* Begin PBXFrameworksBuildPhase section */
		CF100D7E26CAB54B00C7672A /* Frameworks */ = {
			isa = PBXFrameworksBuildPhase;
			buildActionMask = 2147483647;
			files = (
				CF100D9B26CAB75800C7672A /* CocoaAsyncSocket in Frameworks */,
			);
			runOnlyForDeploymentPostprocessing = 0;
		};
/* End PBXFrameworksBuildPhase section */

/* Begin PBXGroup section */
		CF100D7826CAB54B00C7672A = {
			isa = PBXGroup;
			children = (
				CF100D8326CAB54C00C7672A /* BikeAeroSensor */,
				CF100D8226CAB54C00C7672A /* Products */,
			);
			sourceTree = "<group>";
		};
		CF100D8226CAB54C00C7672A /* Products */ = {
			isa = PBXGroup;
			children = (
				CF100D8126CAB54C00C7672A /* BikeAeroSensor.app */,
			);
			name = Products;
			sourceTree = "<group>";
		};
		CF100D8326CAB54C00C7672A /* BikeAeroSensor */ = {
			isa = PBXGroup;
			children = (
				CF100D8426CAB54C00C7672A /* AppDelegate.swift */,
				CF100D8626CAB54C00C7672A /* SceneDelegate.swift */,
				CF100D8826CAB54C00C7672A /* ViewController.swift */,
				CC4DC40026CCC61B00031340 /* MainViewController.swift */,
				CC4DC40426CCCAD200031340 /* ChatView.swift */,
				CC4DC3FC26CCB91300031340 /* UDPTestViewController.swift */,
				CC4DC3FD26CCB91400031340 /* UDPTestViewController.xib */,
				CF100D8A26CAB54C00C7672A /* Main.storyboard */,
				CF100D8D26CAB55100C7672A /* Assets.xcassets */,
				CF100D8F26CAB55100C7672A /* LaunchScreen.storyboard */,
				CF100D9226CAB55100C7672A /* Info.plist */,
			);
			path = BikeAeroSensor;
			sourceTree = "<group>";
		};
/* End PBXGroup section */

/* Begin PBXNativeTarget section */
		CF100D8026CAB54B00C7672A /* BikeAeroSensor */ = {
			isa = PBXNativeTarget;
			buildConfigurationList = CF100D9526CAB55100C7672A /* Build configuration list for PBXNativeTarget "BikeAeroSensor" */;
			buildPhases = (
				CF100D7D26CAB54B00C7672A /* Sources */,
				CF100D7E26CAB54B00C7672A /* Frameworks */,
				CF100D7F26CAB54B00C7672A /* Resources */,
			);
			buildRules = (
			);
			dependencies = (
			);
			name = BikeAeroSensor;
			packageProductDependencies = (
				CF100D9A26CAB75800C7672A /* CocoaAsyncSocket */,
			);
			productName = BikeAeroSensor;
			productReference = CF100D8126CAB54C00C7672A /* BikeAeroSensor.app */;
			productType = "com.apple.product-type.application";
		};
/* End PBXNativeTarget section */

/* Begin PBXProject section */
		CF100D7926CAB54B00C7672A /* Project object */ = {
			isa = PBXProject;
			attributes = {
				LastSwiftUpdateCheck = 1240;
				LastUpgradeCheck = 1240;
				TargetAttributes = {
					CF100D8026CAB54B00C7672A = {
						CreatedOnToolsVersion = 12.4;
					};
				};
			};
			buildConfigurationList = CF100D7C26CAB54B00C7672A /* Build configuration list for PBXProject "BikeAeroSensor" */;
			compatibilityVersion = "Xcode 9.3";
			developmentRegion = en;
			hasScannedForEncodings = 0;
			knownRegions = (
				en,
				Base,
			);
			mainGroup = CF100D7826CAB54B00C7672A;
			packageReferences = (
				CF100D9926CAB75800C7672A /* XCRemoteSwiftPackageReference "CocoaAsyncSocket" */,
			);
			productRefGroup = CF100D8226CAB54C00C7672A /* Products */;
			projectDirPath = "";
			projectRoot = "";
			targets = (
				CF100D8026CAB54B00C7672A /* BikeAeroSensor */,
			);
		};
/* End PBXProject section */

/* Begin PBXResourcesBuildPhase section */
		CF100D7F26CAB54B00C7672A /* Resources */ = {
			isa = PBXResourcesBuildPhase;
			buildActionMask = 2147483647;
			files = (
				CF100D9126CAB55100C7672A /* LaunchScreen.storyboard in Resources */,
				CF100D8E26CAB55100C7672A /* Assets.xcassets in Resources */,
				CC4DC3FF26CCB91400031340 /* UDPTestViewController.xib in Resources */,
				CF100D8C26CAB54C00C7672A /* Main.storyboard in Resources */,
			);
			runOnlyForDeploymentPostprocessing = 0;
		};
/* End PBXResourcesBuildPhase section */

/* Begin PBXSourcesBuildPhase section */
		CF100D7D26CAB54B00C7672A /* Sources */ = {
			isa = PBXSourcesBuildPhase;
			buildActionMask = 2147483647;
			files = (
				CF100D8926CAB54C00C7672A /* ViewController.swift in Sources */,
				CF100D8526CAB54C00C7672A /* AppDelegate.swift in Sources */,
				CC4DC3FE26CCB91400031340 /* UDPTestViewController.swift in Sources */,
				CF100D8726CAB54C00C7672A /* SceneDelegate.swift in Sources */,
				CC4DC40526CCCAD200031340 /* ChatView.swift in Sources */,
				CC4DC40126CCC61B00031340 /* MainViewController.swift in Sources */,
			);
			runOnlyForDeploymentPostprocessing = 0;
		};
/* End PBXSourcesBuildPhase section */

/* Begin PBXVariantGroup section */
		CF100D8A26CAB54C00C7672A /* Main.storyboard */ = {
			isa = PBXVariantGroup;
			children = (
				CF100D8B26CAB54C00C7672A /* Base */,
			);
			name = Main.storyboard;
			sourceTree = "<group>";
		};
		CF100D8F26CAB55100C7672A /* LaunchScreen.storyboard */ = {
			isa = PBXVariantGroup;
			children = (
				CF100D9026CAB55100C7672A /* Base */,
			);
			name = LaunchScreen.storyboard;
			sourceTree = "<group>";
		};
/* End PBXVariantGroup section */

/* Begin XCBuildConfiguration section */
		CF100D9326CAB55100C7672A /* Debug */ = {
			isa = XCBuildConfiguration;
			buildSettings = {
				ALWAYS_SEARCH_USER_PATHS = NO;
				CLANG_ANALYZER_NONNULL = YES;
				CLANG_ANALYZER_NUMBER_OBJECT_CONVERSION = YES_AGGRESSIVE;
				CLANG_CXX_LANGUAGE_STANDARD = "gnu++14";
				CLANG_CXX_LIBRARY = "libc++";
				CLANG_ENABLE_MODULES = YES;
				CLANG_ENABLE_OBJC_ARC = YES;
				CLANG_ENABLE_OBJC_WEAK = YES;
				CLANG_WARN_BLOCK_CAPTURE_AUTORELEASING = YES;
				CLANG_WARN_BOOL_CONVERSION = YES;
				CLANG_WARN_COMMA = YES;
				CLANG_WARN_CONSTANT_CONVERSION = YES;
				CLANG_WARN_DEPRECATED_OBJC_IMPLEMENTATIONS = YES;
				CLANG_WARN_DIRECT_OBJC_ISA_USAGE = YES_ERROR;
				CLANG_WARN_DOCUMENTATION_COMMENTS = YES;
				CLANG_WARN_EMPTY_BODY = YES;
				CLANG_WARN_ENUM_CONVERSION = YES;
				CLANG_WARN_INFINITE_RECURSION = YES;
				CLANG_WARN_INT_CONVERSION = YES;
				CLANG_WARN_NON_LITERAL_NULL_CONVERSION = YES;
				CLANG_WARN_OBJC_IMPLICIT_RETAIN_SELF = YES;
				CLANG_WARN_OBJC_LITERAL_CONVERSION = YES;
				CLANG_WARN_OBJC_ROOT_CLASS = YES_ERROR;
				CLANG_WARN_QUOTED_INCLUDE_IN_FRAMEWORK_HEADER = YES;
				CLANG_WARN_RANGE_LOOP_ANALYSIS = YES;
				CLANG_WARN_STRICT_PROTOTYPES = YES;
				CLANG_WARN_SUSPICIOUS_MOVE = YES;
				CLANG_WARN_UNGUARDED_AVAILABILITY = YES_AGGRESSIVE;
				CLANG_WARN_UNREACHABLE_CODE = YES;
				CLANG_WARN__DUPLICATE_METHOD_MATCH = YES;
				COPY_PHASE_STRIP = NO;
				DEBUG_INFORMATION_FORMAT = dwarf;
				ENABLE_STRICT_OBJC_MSGSEND = YES;
				ENABLE_TESTABILITY = YES;
				GCC_C_LANGUAGE_STANDARD = gnu11;
				GCC_DYNAMIC_NO_PIC = NO;
				GCC_NO_COMMON_BLOCKS = YES;
				GCC_OPTIMIZATION_LEVEL = 0;
				GCC_PREPROCESSOR_DEFINITIONS = (
					"DEBUG=1",
					"$(inherited)",
				);
				GCC_WARN_64_TO_32_BIT_CONVERSION = YES;
				GCC_WARN_ABOUT_RETURN_TYPE = YES_ERROR;
				GCC_WARN_UNDECLARED_SELECTOR = YES;
				GCC_WARN_UNINITIALIZED_AUTOS = YES_AGGRESSIVE;
				GCC_WARN_UNUSED_FUNCTION = YES;
				GCC_WARN_UNUSED_VARIABLE = YES;
				IPHONEOS_DEPLOYMENT_TARGET = 13.0;
				MTL_ENABLE_DEBUG_INFO = INCLUDE_SOURCE;
				MTL_FAST_MATH = YES;
				ONLY_ACTIVE_ARCH = YES;
				SDKROOT = iphoneos;
				SWIFT_ACTIVE_COMPILATION_CONDITIONS = DEBUG;
				SWIFT_OPTIMIZATION_LEVEL = "-Onone";
			};
			name = Debug;
		};
		CF100D9426CAB55100C7672A /* Release */ = {
			isa = XCBuildConfiguration;
			buildSettings = {
				ALWAYS_SEARCH_USER_PATHS = NO;
				CLANG_ANALYZER_NONNULL = YES;
				CLANG_ANALYZER_NUMBER_OBJECT_CONVERSION = YES_AGGRESSIVE;
				CLANG_CXX_LANGUAGE_STANDARD = "gnu++14";
				CLANG_CXX_LIBRARY = "libc++";
				CLANG_ENABLE_MODULES = YES;
				CLANG_ENABLE_OBJC_ARC = YES;
				CLANG_ENABLE_OBJC_WEAK = YES;
				CLANG_WARN_BLOCK_CAPTURE_AUTORELEASING = YES;
				CLANG_WARN_BOOL_CONVERSION = YES;
				CLANG_WARN_COMMA = YES;
				CLANG_WARN_CONSTANT_CONVERSION = YES;
				CLANG_WARN_DEPRECATED_OBJC_IMPLEMENTATIONS = YES;
				CLANG_WARN_DIRECT_OBJC_ISA_USAGE = YES_ERROR;
				CLANG_WARN_DOCUMENTATION_COMMENTS = YES;
				CLANG_WARN_EMPTY_BODY = YES;
				CLANG_WARN_ENUM_CONVERSION = YES;
				CLANG_WARN_INFINITE_RECURSION = YES;
				CLANG_WARN_INT_CONVERSION = YES;
				CLANG_WARN_NON_LITERAL_NULL_CONVERSION = YES;
				CLANG_WARN_OBJC_IMPLICIT_RETAIN_SELF = YES;
				CLANG_WARN_OBJC_LITERAL_CONVERSION = YES;
				CLANG_WARN_OBJC_ROOT_CLASS = YES_ERROR;
				CLANG_WARN_QUOTED_INCLUDE_IN_FRAMEWORK_HEADER = YES;
				CLANG_WARN_RANGE_LOOP_ANALYSIS = YES;
				CLANG_WARN_STRICT_PROTOTYPES = YES;
				CLANG_WARN_SUSPICIOUS_MOVE = YES;
				CLANG_WARN_UNGUARDED_AVAILABILITY = YES_AGGRESSIVE;
				CLANG_WARN_UNREACHABLE_CODE = YES;
				CLANG_WARN__DUPLICATE_METHOD_MATCH = YES;
				COPY_PHASE_STRIP = NO;
				DEBUG_INFORMATION_FORMAT = "dwarf-with-dsym";
				ENABLE_NS_ASSERTIONS = NO;
				ENABLE_STRICT_OBJC_MSGSEND = YES;
				GCC_C_LANGUAGE_STANDARD = gnu11;
				GCC_NO_COMMON_BLOCKS = YES;
				GCC_WARN_64_TO_32_BIT_CONVERSION = YES;
				GCC_WARN_ABOUT_RETURN_TYPE = YES_ERROR;
				GCC_WARN_UNDECLARED_SELECTOR = YES;
				GCC_WARN_UNINITIALIZED_AUTOS = YES_AGGRESSIVE;
				GCC_WARN_UNUSED_FUNCTION = YES;
				GCC_WARN_UNUSED_VARIABLE = YES;
				IPHONEOS_DEPLOYMENT_TARGET = 13.0;
				MTL_ENABLE_DEBUG_INFO = NO;
				MTL_FAST_MATH = YES;
				SDKROOT = iphoneos;
				SWIFT_COMPILATION_MODE = wholemodule;
				SWIFT_OPTIMIZATION_LEVEL = "-O";
				VALIDATE_PRODUCT = YES;
			};
			name = Release;
		};
		CF100D9626CAB55100C7672A /* Debug */ = {
			isa = XCBuildConfiguration;
			buildSettings = {
				ASSETCATALOG_COMPILER_APPICON_NAME = AppIcon;
				ASSETCATALOG_COMPILER_GLOBAL_ACCENT_COLOR_NAME = AccentColor;
				CODE_SIGN_STYLE = Automatic;
				DEVELOPMENT_TEAM = 4RQRV7P524;
				INFOPLIST_FILE = BikeAeroSensor/Info.plist;
				LD_RUNPATH_SEARCH_PATHS = (
					"$(inherited)",
					"@executable_path/Frameworks",
				);
				PRODUCT_BUNDLE_IDENTIFIER = com.fyn.BikeAeroSensor;
				PRODUCT_NAME = "$(TARGET_NAME)";
				SWIFT_VERSION = 5.0;
				TARGETED_DEVICE_FAMILY = "1,2";
			};
			name = Debug;
		};
		CF100D9726CAB55100C7672A /* Release */ = {
			isa = XCBuildConfiguration;
			buildSettings = {
				ASSETCATALOG_COMPILER_APPICON_NAME = AppIcon;
				ASSETCATALOG_COMPILER_GLOBAL_ACCENT_COLOR_NAME = AccentColor;
				CODE_SIGN_STYLE = Automatic;
				DEVELOPMENT_TEAM = 4RQRV7P524;
				INFOPLIST_FILE = BikeAeroSensor/Info.plist;
				LD_RUNPATH_SEARCH_PATHS = (
					"$(inherited)",
					"@executable_path/Frameworks",
				);
				PRODUCT_BUNDLE_IDENTIFIER = com.fyn.BikeAeroSensor;
				PRODUCT_NAME = "$(TARGET_NAME)";
				SWIFT_VERSION = 5.0;
				TARGETED_DEVICE_FAMILY = "1,2";
			};
			name = Release;
		};
/* End XCBuildConfiguration section */

/* Begin XCConfigurationList section */
		CF100D7C26CAB54B00C7672A /* Build configuration list for PBXProject "BikeAeroSensor" */ = {
			isa = XCConfigurationList;
			buildConfigurations = (
				CF100D9326CAB55100C7672A /* Debug */,
				CF100D9426CAB55100C7672A /* Release */,
			);
			defaultConfigurationIsVisible = 0;
			defaultConfigurationName = Release;
		};
		CF100D9526CAB55100C7672A /* Build configuration list for PBXNativeTarget "BikeAeroSensor" */ = {
			isa = XCConfigurationList;
			buildConfigurations = (
				CF100D9626CAB55100C7672A /* Debug */,
				CF100D9726CAB55100C7672A /* Release */,
			);
			defaultConfigurationIsVisible = 0;
			defaultConfigurationName = Release;
		};
/* End XCConfigurationList section */

/* Begin XCRemoteSwiftPackageReference section */
		CF100D9926CAB75800C7672A /* XCRemoteSwiftPackageReference "CocoaAsyncSocket" */ = {
			isa = XCRemoteSwiftPackageReference;
			repositoryURL = "https://github.com/robbiehanson/CocoaAsyncSocket.git";
			requirement = {
				kind = upToNextMajorVersion;
				minimumVersion = 7.6.5;
			};
		};
/* End XCRemoteSwiftPackageReference section */

/* Begin XCSwiftPackageProductDependency section */
		CF100D9A26CAB75800C7672A /* CocoaAsyncSocket */ = {
			isa = XCSwiftPackageProductDependency;
			package = CF100D9926CAB75800C7672A /* XCRemoteSwiftPackageReference "CocoaAsyncSocket" */;
			productName = CocoaAsyncSocket;
		};
/* End XCSwiftPackageProductDependency section */
	};
	rootObject = CF100D7926CAB54B00C7672A /* Project object */;
}
