// !$*UTF8*$!
{
	archiveVersion = 1;
	classes = {
	};
	objectVersion = 52;
	objects = {

/* Begin PBXBuildFile section */
		CC4DC40126CCC61B00031340 /* MainViewController.swift in Sources */ = {isa = PBXBuildFile; fileRef = CC4DC40026CCC61B00031340 /* MainViewController.swift */; };
		CC4DC40526CCCAD200031340 /* ChartView.swift in Sources */ = {isa = PBXBuildFile; fileRef = CC4DC40426CCCAD200031340 /* ChartView.swift */; };
		CC4DC41026CCDE0800031340 /* CGPoint+Extension.swift in Sources */ = {isa = PBXBuildFile; fileRef = CC4DC40A26CCDE0800031340 /* CGPoint+Extension.swift */; };
		CC4DC41126CCDE0800031340 /* CGRect+Extension.swift in Sources */ = {isa = PBXBuildFile; fileRef = CC4DC40B26CCDE0800031340 /* CGRect+Extension.swift */; };
		CC4DC41226CCDE0800031340 /* UIView+Layout.swift in Sources */ = {isa = PBXBuildFile; fileRef = CC4DC40C26CCDE0800031340 /* UIView+Layout.swift */; };
		CC4DC41326CCDE0800031340 /* UIView+Common.swift in Sources */ = {isa = PBXBuildFile; fileRef = CC4DC40D26CCDE0800031340 /* UIView+Common.swift */; };
		CC4DC41426CCDE0800031340 /* CGSize+Extension.swift in Sources */ = {isa = PBXBuildFile; fileRef = CC4DC40E26CCDE0800031340 /* CGSize+Extension.swift */; };
		CC4DC41526CCDE0800031340 /* UIColor+Extension.swift in Sources */ = {isa = PBXBuildFile; fileRef = CC4DC40F26CCDE0800031340 /* UIColor+Extension.swift */; };
		CF100D8526CAB54C00C7672A /* AppDelegate.swift in Sources */ = {isa = PBXBuildFile; fileRef = CF100D8426CAB54C00C7672A /* AppDelegate.swift */; };
		CF100D8726CAB54C00C7672A /* SceneDelegate.swift in Sources */ = {isa = PBXBuildFile; fileRef = CF100D8626CAB54C00C7672A /* SceneDelegate.swift */; };
		CF100D8926CAB54C00C7672A /* ViewController.swift in Sources */ = {isa = PBXBuildFile; fileRef = CF100D8826CAB54C00C7672A /* ViewController.swift */; };
		CF100D8C26CAB54C00C7672A /* Main.storyboard in Resources */ = {isa = PBXBuildFile; fileRef = CF100D8A26CAB54C00C7672A /* Main.storyboard */; };
		CF100D8E26CAB55100C7672A /* Assets.xcassets in Resources */ = {isa = PBXBuildFile; fileRef = CF100D8D26CAB55100C7672A /* Assets.xcassets */; };
		CF100D9126CAB55100C7672A /* LaunchScreen.storyboard in Resources */ = {isa = PBXBuildFile; fileRef = CF100D8F26CAB55100C7672A /* LaunchScreen.storyboard */; };
		CF100D9B26CAB75800C7672A /* CocoaAsyncSocket in Frameworks */ = {isa = PBXBuildFile; productRef = CF100D9A26CAB75800C7672A /* CocoaAsyncSocket */; };
		CF100DA026CD453300C7672A /* UDP.swift in Sources */ = {isa = PBXBuildFile; fileRef = CF100D9F26CD453300C7672A /* UDP.swift */; };
		CF100DA426CD4C2400C7672A /* TestViewController.swift in Sources */ = {isa = PBXBuildFile; fileRef = CF100DA226CD4C2400C7672A /* TestViewController.swift */; };
		CF100DA526CD4C2400C7672A /* TestViewController.xib in Resources */ = {isa = PBXBuildFile; fileRef = CF100DA326CD4C2400C7672A /* TestViewController.xib */; };
		CF100DC926CEA7C900C7672A /* ChartColors.swift in Sources */ = {isa = PBXBuildFile; fileRef = CF100DC626CEA7C900C7672A /* ChartColors.swift */; };
		CF100DCA26CEA7C900C7672A /* Chart.swift in Sources */ = {isa = PBXBuildFile; fileRef = CF100DC726CEA7C900C7672A /* Chart.swift */; };
		CF100DCB26CEA7C900C7672A /* ChartSeries.swift in Sources */ = {isa = PBXBuildFile; fileRef = CF100DC826CEA7C900C7672A /* ChartSeries.swift */; };
		CF100DD826CEBA9000C7672A /* Algorithms in Frameworks */ = {isa = PBXBuildFile; productRef = CF100DD726CEBA9000C7672A /* Algorithms */; };
		CF100DDB26D0C71600C7672A /* ProbeFileManager.swift in Sources */ = {isa = PBXBuildFile; fileRef = CF100DDA26D0C71600C7672A /* ProbeFileManager.swift */; };
		CF100DDF26D0CB9E00C7672A /* PathKit in Frameworks */ = {isa = PBXBuildFile; productRef = CF100DDE26D0CB9E00C7672A /* PathKit */; };
		CF100DE226D0CD8F00C7672A /* Path+Extension.swift in Sources */ = {isa = PBXBuildFile; fileRef = CF100DE126D0CD8F00C7672A /* Path+Extension.swift */; };
		CF100DF326D0DB0800C7672A /* ProbeFileViewController.swift in Sources */ = {isa = PBXBuildFile; fileRef = CF100DF226D0DB0800C7672A /* ProbeFileViewController.swift */; };
		CF46DE7426D0DFE0005A7CB0 /* ProbeFileCell.swift in Sources */ = {isa = PBXBuildFile; fileRef = CF46DE7326D0DFE0005A7CB0 /* ProbeFileCell.swift */; };
		CF46DE7826D0E026005A7CB0 /* Reusable.swift in Sources */ = {isa = PBXBuildFile; fileRef = CF46DE7726D0E026005A7CB0 /* Reusable.swift */; };
		CF46DE7D26D0F6A7005A7CB0 /* Zip in Frameworks */ = {isa = PBXBuildFile; productRef = CF46DE7C26D0F6A7005A7CB0 /* Zip */; };
		CF46DE8726D0FF93005A7CB0 /* KeyboardObserver.swift in Sources */ = {isa = PBXBuildFile; fileRef = CF46DE8026D0FF93005A7CB0 /* KeyboardObserver.swift */; };
		CF46DE8826D0FF93005A7CB0 /* ToastWindow.swift in Sources */ = {isa = PBXBuildFile; fileRef = CF46DE8126D0FF93005A7CB0 /* ToastWindow.swift */; };
		CF46DE8926D0FF93005A7CB0 /* ToastView.swift in Sources */ = {isa = PBXBuildFile; fileRef = CF46DE8226D0FF93005A7CB0 /* ToastView.swift */; };
		CF46DE8A26D0FF93005A7CB0 /* UIApplication+Load.swift in Sources */ = {isa = PBXBuildFile; fileRef = CF46DE8426D0FF93005A7CB0 /* UIApplication+Load.swift */; };
		CF46DE8B26D0FF93005A7CB0 /* Toast.swift in Sources */ = {isa = PBXBuildFile; fileRef = CF46DE8526D0FF93005A7CB0 /* Toast.swift */; };
		CF46DE8C26D0FF93005A7CB0 /* ToastCenter.swift in Sources */ = {isa = PBXBuildFile; fileRef = CF46DE8626D0FF93005A7CB0 /* ToastCenter.swift */; };
		CF46DE8F26D0FFAA005A7CB0 /* Toast+Extension.swift in Sources */ = {isa = PBXBuildFile; fileRef = CF46DE8E26D0FFAA005A7CB0 /* Toast+Extension.swift */; };
		CF46DE9326D13012005A7CB0 /* SettingViewController.swift in Sources */ = {isa = PBXBuildFile; fileRef = CF46DE9126D13012005A7CB0 /* SettingViewController.swift */; };
		CF46DE9426D13012005A7CB0 /* SettingViewController.xib in Resources */ = {isa = PBXBuildFile; fileRef = CF46DE9226D13012005A7CB0 /* SettingViewController.xib */; };
		CF46DE9726D13388005A7CB0 /* UDPManager.swift in Sources */ = {isa = PBXBuildFile; fileRef = CF46DE9626D13388005A7CB0 /* UDPManager.swift */; };
/* End PBXBuildFile section */

/* Begin PBXFileReference section */
		CC4DC40026CCC61B00031340 /* MainViewController.swift */ = {isa = PBXFileReference; lastKnownFileType = sourcecode.swift; path = MainViewController.swift; sourceTree = "<group>"; };
		CC4DC40426CCCAD200031340 /* ChartView.swift */ = {isa = PBXFileReference; lastKnownFileType = sourcecode.swift; path = ChartView.swift; sourceTree = "<group>"; };
		CC4DC40A26CCDE0800031340 /* CGPoint+Extension.swift */ = {isa = PBXFileReference; fileEncoding = 4; lastKnownFileType = sourcecode.swift; path = "CGPoint+Extension.swift"; sourceTree = "<group>"; };
		CC4DC40B26CCDE0800031340 /* CGRect+Extension.swift */ = {isa = PBXFileReference; fileEncoding = 4; lastKnownFileType = sourcecode.swift; path = "CGRect+Extension.swift"; sourceTree = "<group>"; };
		CC4DC40C26CCDE0800031340 /* UIView+Layout.swift */ = {isa = PBXFileReference; fileEncoding = 4; lastKnownFileType = sourcecode.swift; path = "UIView+Layout.swift"; sourceTree = "<group>"; };
		CC4DC40D26CCDE0800031340 /* UIView+Common.swift */ = {isa = PBXFileReference; fileEncoding = 4; lastKnownFileType = sourcecode.swift; path = "UIView+Common.swift"; sourceTree = "<group>"; };
		CC4DC40E26CCDE0800031340 /* CGSize+Extension.swift */ = {isa = PBXFileReference; fileEncoding = 4; lastKnownFileType = sourcecode.swift; path = "CGSize+Extension.swift"; sourceTree = "<group>"; };
		CC4DC40F26CCDE0800031340 /* UIColor+Extension.swift */ = {isa = PBXFileReference; fileEncoding = 4; lastKnownFileType = sourcecode.swift; path = "UIColor+Extension.swift"; sourceTree = "<group>"; };
		CF100D8126CAB54C00C7672A /* BikeAeroSensor.app */ = {isa = PBXFileReference; explicitFileType = wrapper.application; includeInIndex = 0; path = BikeAeroSensor.app; sourceTree = BUILT_PRODUCTS_DIR; };
		CF100D8426CAB54C00C7672A /* AppDelegate.swift */ = {isa = PBXFileReference; lastKnownFileType = sourcecode.swift; path = AppDelegate.swift; sourceTree = "<group>"; };
		CF100D8626CAB54C00C7672A /* SceneDelegate.swift */ = {isa = PBXFileReference; lastKnownFileType = sourcecode.swift; path = SceneDelegate.swift; sourceTree = "<group>"; };
		CF100D8826CAB54C00C7672A /* ViewController.swift */ = {isa = PBXFileReference; lastKnownFileType = sourcecode.swift; path = ViewController.swift; sourceTree = "<group>"; };
		CF100D8B26CAB54C00C7672A /* Base */ = {isa = PBXFileReference; lastKnownFileType = file.storyboard; name = Base; path = Base.lproj/Main.storyboard; sourceTree = "<group>"; };
		CF100D8D26CAB55100C7672A /* Assets.xcassets */ = {isa = PBXFileReference; lastKnownFileType = folder.assetcatalog; path = Assets.xcassets; sourceTree = "<group>"; };
		CF100D9026CAB55100C7672A /* Base */ = {isa = PBXFileReference; lastKnownFileType = file.storyboard; name = Base; path = Base.lproj/LaunchScreen.storyboard; sourceTree = "<group>"; };
		CF100D9226CAB55100C7672A /* Info.plist */ = {isa = PBXFileReference; lastKnownFileType = text.plist.xml; path = Info.plist; sourceTree = "<group>"; };
		CF100D9F26CD453300C7672A /* UDP.swift */ = {isa = PBXFileReference; lastKnownFileType = sourcecode.swift; path = UDP.swift; sourceTree = "<group>"; };
		CF100DA226CD4C2400C7672A /* TestViewController.swift */ = {isa = PBXFileReference; lastKnownFileType = sourcecode.swift; path = TestViewController.swift; sourceTree = "<group>"; };
		CF100DA326CD4C2400C7672A /* TestViewController.xib */ = {isa = PBXFileReference; lastKnownFileType = file.xib; path = TestViewController.xib; sourceTree = "<group>"; };
		CF100DC626CEA7C900C7672A /* ChartColors.swift */ = {isa = PBXFileReference; fileEncoding = 4; lastKnownFileType = sourcecode.swift; path = ChartColors.swift; sourceTree = "<group>"; };
		CF100DC726CEA7C900C7672A /* Chart.swift */ = {isa = PBXFileReference; fileEncoding = 4; lastKnownFileType = sourcecode.swift; path = Chart.swift; sourceTree = "<group>"; };
		CF100DC826CEA7C900C7672A /* ChartSeries.swift */ = {isa = PBXFileReference; fileEncoding = 4; lastKnownFileType = sourcecode.swift; path = ChartSeries.swift; sourceTree = "<group>"; };
		CF100DDA26D0C71600C7672A /* ProbeFileManager.swift */ = {isa = PBXFileReference; lastKnownFileType = sourcecode.swift; path = ProbeFileManager.swift; sourceTree = "<group>"; };
		CF100DE126D0CD8F00C7672A /* Path+Extension.swift */ = {isa = PBXFileReference; fileEncoding = 4; lastKnownFileType = sourcecode.swift; path = "Path+Extension.swift"; sourceTree = "<group>"; };
		CF100DF226D0DB0800C7672A /* ProbeFileViewController.swift */ = {isa = PBXFileReference; lastKnownFileType = sourcecode.swift; path = ProbeFileViewController.swift; sourceTree = "<group>"; };
		CF46DE7326D0DFE0005A7CB0 /* ProbeFileCell.swift */ = {isa = PBXFileReference; lastKnownFileType = sourcecode.swift; path = ProbeFileCell.swift; sourceTree = "<group>"; };
		CF46DE7726D0E026005A7CB0 /* Reusable.swift */ = {isa = PBXFileReference; fileEncoding = 4; lastKnownFileType = sourcecode.swift; path = Reusable.swift; sourceTree = "<group>"; };
		CF46DE8026D0FF93005A7CB0 /* KeyboardObserver.swift */ = {isa = PBXFileReference; fileEncoding = 4; lastKnownFileType = sourcecode.swift; path = KeyboardObserver.swift; sourceTree = "<group>"; };
		CF46DE8126D0FF93005A7CB0 /* ToastWindow.swift */ = {isa = PBXFileReference; fileEncoding = 4; lastKnownFileType = sourcecode.swift; path = ToastWindow.swift; sourceTree = "<group>"; };
		CF46DE8226D0FF93005A7CB0 /* ToastView.swift */ = {isa = PBXFileReference; fileEncoding = 4; lastKnownFileType = sourcecode.swift; path = ToastView.swift; sourceTree = "<group>"; };
		CF46DE8326D0FF93005A7CB0 /* Toaster.h */ = {isa = PBXFileReference; fileEncoding = 4; lastKnownFileType = sourcecode.c.h; path = Toaster.h; sourceTree = "<group>"; };
		CF46DE8426D0FF93005A7CB0 /* UIApplication+Load.swift */ = {isa = PBXFileReference; fileEncoding = 4; lastKnownFileType = sourcecode.swift; path = "UIApplication+Load.swift"; sourceTree = "<group>"; };
		CF46DE8526D0FF93005A7CB0 /* Toast.swift */ = {isa = PBXFileReference; fileEncoding = 4; lastKnownFileType = sourcecode.swift; path = Toast.swift; sourceTree = "<group>"; };
		CF46DE8626D0FF93005A7CB0 /* ToastCenter.swift */ = {isa = PBXFileReference; fileEncoding = 4; lastKnownFileType = sourcecode.swift; path = ToastCenter.swift; sourceTree = "<group>"; };
		CF46DE8E26D0FFAA005A7CB0 /* Toast+Extension.swift */ = {isa = PBXFileReference; fileEncoding = 4; lastKnownFileType = sourcecode.swift; path = "Toast+Extension.swift"; sourceTree = "<group>"; };
		CF46DE9126D13012005A7CB0 /* SettingViewController.swift */ = {isa = PBXFileReference; lastKnownFileType = sourcecode.swift; path = SettingViewController.swift; sourceTree = "<group>"; };
		CF46DE9226D13012005A7CB0 /* SettingViewController.xib */ = {isa = PBXFileReference; lastKnownFileType = file.xib; path = SettingViewController.xib; sourceTree = "<group>"; };
		CF46DE9626D13388005A7CB0 /* UDPManager.swift */ = {isa = PBXFileReference; lastKnownFileType = sourcecode.swift; path = UDPManager.swift; sourceTree = "<group>"; };
/* End PBXFileReference section */

/* Begin PBXFrameworksBuildPhase section */
		CF100D7E26CAB54B00C7672A /* Frameworks */ = {
			isa = PBXFrameworksBuildPhase;
			buildActionMask = 2147483647;
			files = (
				CF100DDF26D0CB9E00C7672A /* PathKit in Frameworks */,
				CF100DD826CEBA9000C7672A /* Algorithms in Frameworks */,
				CF46DE7D26D0F6A7005A7CB0 /* Zip in Frameworks */,
				CF100D9B26CAB75800C7672A /* CocoaAsyncSocket in Frameworks */,
			);
			runOnlyForDeploymentPostprocessing = 0;
		};
/* End PBXFrameworksBuildPhase section */

/* Begin PBXGroup section */
		CC4DC40926CCDDF700031340 /* Extension */ = {
			isa = PBXGroup;
			children = (
				CF46DE8E26D0FFAA005A7CB0 /* Toast+Extension.swift */,
				CF100DE126D0CD8F00C7672A /* Path+Extension.swift */,
				CC4DC40A26CCDE0800031340 /* CGPoint+Extension.swift */,
				CC4DC40B26CCDE0800031340 /* CGRect+Extension.swift */,
				CC4DC40E26CCDE0800031340 /* CGSize+Extension.swift */,
				CC4DC40F26CCDE0800031340 /* UIColor+Extension.swift */,
				CC4DC40D26CCDE0800031340 /* UIView+Common.swift */,
				CC4DC40C26CCDE0800031340 /* UIView+Layout.swift */,
			);
			path = Extension;
			sourceTree = "<group>";
		};
		CF100D7826CAB54B00C7672A = {
			isa = PBXGroup;
			children = (
				CF100D8326CAB54C00C7672A /* BikeAeroSensor */,
				CF100D8226CAB54C00C7672A /* Products */,
			);
			sourceTree = "<group>";
		};
		CF100D8226CAB54C00C7672A /* Products */ = {
			isa = PBXGroup;
			children = (
				CF100D8126CAB54C00C7672A /* BikeAeroSensor.app */,
			);
			name = Products;
			sourceTree = "<group>";
		};
		CF100D8326CAB54C00C7672A /* BikeAeroSensor */ = {
			isa = PBXGroup;
			children = (
				CF46DE7626D0E015005A7CB0 /* Utilty */,
				CC4DC40926CCDDF700031340 /* Extension */,
				CF100D8426CAB54C00C7672A /* AppDelegate.swift */,
				CF100D8626CAB54C00C7672A /* SceneDelegate.swift */,
				CF100DA226CD4C2400C7672A /* TestViewController.swift */,
				CF100DA326CD4C2400C7672A /* TestViewController.xib */,
				CF100D8826CAB54C00C7672A /* ViewController.swift */,
				CC4DC40026CCC61B00031340 /* MainViewController.swift */,
				CF100DDA26D0C71600C7672A /* ProbeFileManager.swift */,
				CF100DF226D0DB0800C7672A /* ProbeFileViewController.swift */,
				CF46DE7326D0DFE0005A7CB0 /* ProbeFileCell.swift */,
				CF46DE9626D13388005A7CB0 /* UDPManager.swift */,
				CF46DE9126D13012005A7CB0 /* SettingViewController.swift */,
				CF46DE9226D13012005A7CB0 /* SettingViewController.xib */,
				CC4DC40426CCCAD200031340 /* ChartView.swift */,
				CF46DE7F26D0FF93005A7CB0 /* Toast */,
				CF100DC526CEA7B900C7672A /* Chart */,
				CF100D9F26CD453300C7672A /* UDP.swift */,
				CF100D8A26CAB54C00C7672A /* Main.storyboard */,
				CF100D8D26CAB55100C7672A /* Assets.xcassets */,
				CF100D8F26CAB55100C7672A /* LaunchScreen.storyboard */,
				CF100D9226CAB55100C7672A /* Info.plist */,
			);
			path = BikeAeroSensor;
			sourceTree = "<group>";
		};
		CF100DC526CEA7B900C7672A /* Chart */ = {
			isa = PBXGroup;
			children = (
				CF100DC726CEA7C900C7672A /* Chart.swift */,
				CF100DC626CEA7C900C7672A /* ChartColors.swift */,
				CF100DC826CEA7C900C7672A /* ChartSeries.swift */,
			);
			path = Chart;
			sourceTree = "<group>";
		};
		CF46DE7626D0E015005A7CB0 /* Utilty */ = {
			isa = PBXGroup;
			children = (
				CF46DE7726D0E026005A7CB0 /* Reusable.swift */,
			);
			path = Utilty;
			sourceTree = "<group>";
		};
		CF46DE7F26D0FF93005A7CB0 /* Toast */ = {
			isa = PBXGroup;
			children = (
				CF46DE8026D0FF93005A7CB0 /* KeyboardObserver.swift */,
				CF46DE8126D0FF93005A7CB0 /* ToastWindow.swift */,
				CF46DE8226D0FF93005A7CB0 /* ToastView.swift */,
				CF46DE8326D0FF93005A7CB0 /* Toaster.h */,
				CF46DE8426D0FF93005A7CB0 /* UIApplication+Load.swift */,
				CF46DE8526D0FF93005A7CB0 /* Toast.swift */,
				CF46DE8626D0FF93005A7CB0 /* ToastCenter.swift */,
			);
			path = Toast;
			sourceTree = "<group>";
		};
/* End PBXGroup section */

/* Begin PBXNativeTarget section */
		CF100D8026CAB54B00C7672A /* BikeAeroSensor */ = {
			isa = PBXNativeTarget;
			buildConfigurationList = CF100D9526CAB55100C7672A /* Build configuration list for PBXNativeTarget "BikeAeroSensor" */;
			buildPhases = (
				CF100D7D26CAB54B00C7672A /* Sources */,
				CF100D7E26CAB54B00C7672A /* Frameworks */,
				CF100D7F26CAB54B00C7672A /* Resources */,
			);
			buildRules = (
			);
			dependencies = (
			);
			name = BikeAeroSensor;
			packageProductDependencies = (
				CF100D9A26CAB75800C7672A /* CocoaAsyncSocket */,
				CF100DD726CEBA9000C7672A /* Algorithms */,
				CF100DDE26D0CB9E00C7672A /* PathKit */,
				CF46DE7C26D0F6A7005A7CB0 /* Zip */,
			);
			productName = BikeAeroSensor;
			productReference = CF100D8126CAB54C00C7672A /* BikeAeroSensor.app */;
			productType = "com.apple.product-type.application";
		};
/* End PBXNativeTarget section */

/* Begin PBXProject section */
		CF100D7926CAB54B00C7672A /* Project object */ = {
			isa = PBXProject;
			attributes = {
				LastSwiftUpdateCheck = 1240;
				LastUpgradeCheck = 1240;
				TargetAttributes = {
					CF100D8026CAB54B00C7672A = {
						CreatedOnToolsVersion = 12.4;
					};
				};
			};
			buildConfigurationList = CF100D7C26CAB54B00C7672A /* Build configuration list for PBXProject "BikeAeroSensor" */;
			compatibilityVersion = "Xcode 9.3";
			developmentRegion = en;
			hasScannedForEncodings = 0;
			knownRegions = (
				en,
				Base,
			);
			mainGroup = CF100D7826CAB54B00C7672A;
			packageReferences = (
				CF100D9926CAB75800C7672A /* XCRemoteSwiftPackageReference "CocoaAsyncSocket" */,
				CF100DD626CEBA9000C7672A /* XCRemoteSwiftPackageReference "swift-algorithms" */,
				CF100DDD26D0CB9E00C7672A /* XCRemoteSwiftPackageReference "PathKit" */,
				CF46DE7B26D0F6A7005A7CB0 /* XCRemoteSwiftPackageReference "Zip" */,
			);
			productRefGroup = CF100D8226CAB54C00C7672A /* Products */;
			projectDirPath = "";
			projectRoot = "";
			targets = (
				CF100D8026CAB54B00C7672A /* BikeAeroSensor */,
			);
		};
/* End PBXProject section */

/* Begin PBXResourcesBuildPhase section */
		CF100D7F26CAB54B00C7672A /* Resources */ = {
			isa = PBXResourcesBuildPhase;
			buildActionMask = 2147483647;
			files = (
				CF100D9126CAB55100C7672A /* LaunchScreen.storyboard in Resources */,
				CF46DE9426D13012005A7CB0 /* SettingViewController.xib in Resources */,
				CF100DA526CD4C2400C7672A /* TestViewController.xib in Resources */,
				CF100D8E26CAB55100C7672A /* Assets.xcassets in Resources */,
				CF100D8C26CAB54C00C7672A /* Main.storyboard in Resources */,
			);
			runOnlyForDeploymentPostprocessing = 0;
		};
/* End PBXResourcesBuildPhase section */

/* Begin PBXSourcesBuildPhase section */
		CF100D7D26CAB54B00C7672A /* Sources */ = {
			isa = PBXSourcesBuildPhase;
			buildActionMask = 2147483647;
			files = (
				CF100DA426CD4C2400C7672A /* TestViewController.swift in Sources */,
				CF46DE9726D13388005A7CB0 /* UDPManager.swift in Sources */,
				CF100DE226D0CD8F00C7672A /* Path+Extension.swift in Sources */,
				CF46DE7426D0DFE0005A7CB0 /* ProbeFileCell.swift in Sources */,
				CF100D8926CAB54C00C7672A /* ViewController.swift in Sources */,
				CF100DF326D0DB0800C7672A /* ProbeFileViewController.swift in Sources */,
				CF46DE9326D13012005A7CB0 /* SettingViewController.swift in Sources */,
				CC4DC41326CCDE0800031340 /* UIView+Common.swift in Sources */,
				CC4DC41126CCDE0800031340 /* CGRect+Extension.swift in Sources */,
				CC4DC41526CCDE0800031340 /* UIColor+Extension.swift in Sources */,
				CF100D8526CAB54C00C7672A /* AppDelegate.swift in Sources */,
				CF100D8726CAB54C00C7672A /* SceneDelegate.swift in Sources */,
				CF100DCA26CEA7C900C7672A /* Chart.swift in Sources */,
				CC4DC41426CCDE0800031340 /* CGSize+Extension.swift in Sources */,
				CF46DE8F26D0FFAA005A7CB0 /* Toast+Extension.swift in Sources */,
				CC4DC41226CCDE0800031340 /* UIView+Layout.swift in Sources */,
				CF46DE8926D0FF93005A7CB0 /* ToastView.swift in Sources */,
				CF46DE7826D0E026005A7CB0 /* Reusable.swift in Sources */,
				CF46DE8C26D0FF93005A7CB0 /* ToastCenter.swift in Sources */,
				CF46DE8B26D0FF93005A7CB0 /* Toast.swift in Sources */,
				CC4DC41026CCDE0800031340 /* CGPoint+Extension.swift in Sources */,
				CC4DC40526CCCAD200031340 /* ChartView.swift in Sources */,
				CF100DCB26CEA7C900C7672A /* ChartSeries.swift in Sources */,
				CC4DC40126CCC61B00031340 /* MainViewController.swift in Sources */,
				CF46DE8A26D0FF93005A7CB0 /* UIApplication+Load.swift in Sources */,
				CF100DA026CD453300C7672A /* UDP.swift in Sources */,
				CF100DDB26D0C71600C7672A /* ProbeFileManager.swift in Sources */,
				CF100DC926CEA7C900C7672A /* ChartColors.swift in Sources */,
				CF46DE8726D0FF93005A7CB0 /* KeyboardObserver.swift in Sources */,
				CF46DE8826D0FF93005A7CB0 /* ToastWindow.swift in Sources */,
			);
			runOnlyForDeploymentPostprocessing = 0;
		};
/* End PBXSourcesBuildPhase section */

/* Begin PBXVariantGroup section */
		CF100D8A26CAB54C00C7672A /* Main.storyboard */ = {
			isa = PBXVariantGroup;
			children = (
				CF100D8B26CAB54C00C7672A /* Base */,
			);
			name = Main.storyboard;
			sourceTree = "<group>";
		};
		CF100D8F26CAB55100C7672A /* LaunchScreen.storyboard */ = {
			isa = PBXVariantGroup;
			children = (
				CF100D9026CAB55100C7672A /* Base */,
			);
			name = LaunchScreen.storyboard;
			sourceTree = "<group>";
		};
/* End PBXVariantGroup section */

/* Begin XCBuildConfiguration section */
		CF100D9326CAB55100C7672A /* Debug */ = {
			isa = XCBuildConfiguration;
			buildSettings = {
				ALWAYS_SEARCH_USER_PATHS = NO;
				CLANG_ANALYZER_NONNULL = YES;
				CLANG_ANALYZER_NUMBER_OBJECT_CONVERSION = YES_AGGRESSIVE;
				CLANG_CXX_LANGUAGE_STANDARD = "gnu++14";
				CLANG_CXX_LIBRARY = "libc++";
				CLANG_ENABLE_MODULES = YES;
				CLANG_ENABLE_OBJC_ARC = YES;
				CLANG_ENABLE_OBJC_WEAK = YES;
				CLANG_WARN_BLOCK_CAPTURE_AUTORELEASING = YES;
				CLANG_WARN_BOOL_CONVERSION = YES;
				CLANG_WARN_COMMA = YES;
				CLANG_WARN_CONSTANT_CONVERSION = YES;
				CLANG_WARN_DEPRECATED_OBJC_IMPLEMENTATIONS = YES;
				CLANG_WARN_DIRECT_OBJC_ISA_USAGE = YES_ERROR;
				CLANG_WARN_DOCUMENTATION_COMMENTS = YES;
				CLANG_WARN_EMPTY_BODY = YES;
				CLANG_WARN_ENUM_CONVERSION = YES;
				CLANG_WARN_INFINITE_RECURSION = YES;
				CLANG_WARN_INT_CONVERSION = YES;
				CLANG_WARN_NON_LITERAL_NULL_CONVERSION = YES;
				CLANG_WARN_OBJC_IMPLICIT_RETAIN_SELF = YES;
				CLANG_WARN_OBJC_LITERAL_CONVERSION = YES;
				CLANG_WARN_OBJC_ROOT_CLASS = YES_ERROR;
				CLANG_WARN_QUOTED_INCLUDE_IN_FRAMEWORK_HEADER = YES;
				CLANG_WARN_RANGE_LOOP_ANALYSIS = YES;
				CLANG_WARN_STRICT_PROTOTYPES = YES;
				CLANG_WARN_SUSPICIOUS_MOVE = YES;
				CLANG_WARN_UNGUARDED_AVAILABILITY = YES_AGGRESSIVE;
				CLANG_WARN_UNREACHABLE_CODE = YES;
				CLANG_WARN__DUPLICATE_METHOD_MATCH = YES;
				COPY_PHASE_STRIP = NO;
				DEBUG_INFORMATION_FORMAT = dwarf;
				ENABLE_STRICT_OBJC_MSGSEND = YES;
				ENABLE_TESTABILITY = YES;
				GCC_C_LANGUAGE_STANDARD = gnu11;
				GCC_DYNAMIC_NO_PIC = NO;
				GCC_NO_COMMON_BLOCKS = YES;
				GCC_OPTIMIZATION_LEVEL = 0;
				GCC_PREPROCESSOR_DEFINITIONS = (
					"DEBUG=1",
					"$(inherited)",
				);
				GCC_WARN_64_TO_32_BIT_CONVERSION = YES;
				GCC_WARN_ABOUT_RETURN_TYPE = YES_ERROR;
				GCC_WARN_UNDECLARED_SELECTOR = YES;
				GCC_WARN_UNINITIALIZED_AUTOS = YES_AGGRESSIVE;
				GCC_WARN_UNUSED_FUNCTION = YES;
				GCC_WARN_UNUSED_VARIABLE = YES;
				IPHONEOS_DEPLOYMENT_TARGET = 13.0;
				MTL_ENABLE_DEBUG_INFO = INCLUDE_SOURCE;
				MTL_FAST_MATH = YES;
				ONLY_ACTIVE_ARCH = YES;
				SDKROOT = iphoneos;
				SWIFT_ACTIVE_COMPILATION_CONDITIONS = DEBUG;
				SWIFT_OPTIMIZATION_LEVEL = "-Onone";
			};
			name = Debug;
		};
		CF100D9426CAB55100C7672A /* Release */ = {
			isa = XCBuildConfiguration;
			buildSettings = {
				ALWAYS_SEARCH_USER_PATHS = NO;
				CLANG_ANALYZER_NONNULL = YES;
				CLANG_ANALYZER_NUMBER_OBJECT_CONVERSION = YES_AGGRESSIVE;
				CLANG_CXX_LANGUAGE_STANDARD = "gnu++14";
				CLANG_CXX_LIBRARY = "libc++";
				CLANG_ENABLE_MODULES = YES;
				CLANG_ENABLE_OBJC_ARC = YES;
				CLANG_ENABLE_OBJC_WEAK = YES;
				CLANG_WARN_BLOCK_CAPTURE_AUTORELEASING = YES;
				CLANG_WARN_BOOL_CONVERSION = YES;
				CLANG_WARN_COMMA = YES;
				CLANG_WARN_CONSTANT_CONVERSION = YES;
				CLANG_WARN_DEPRECATED_OBJC_IMPLEMENTATIONS = YES;
				CLANG_WARN_DIRECT_OBJC_ISA_USAGE = YES_ERROR;
				CLANG_WARN_DOCUMENTATION_COMMENTS = YES;
				CLANG_WARN_EMPTY_BODY = YES;
				CLANG_WARN_ENUM_CONVERSION = YES;
				CLANG_WARN_INFINITE_RECURSION = YES;
				CLANG_WARN_INT_CONVERSION = YES;
				CLANG_WARN_NON_LITERAL_NULL_CONVERSION = YES;
				CLANG_WARN_OBJC_IMPLICIT_RETAIN_SELF = YES;
				CLANG_WARN_OBJC_LITERAL_CONVERSION = YES;
				CLANG_WARN_OBJC_ROOT_CLASS = YES_ERROR;
				CLANG_WARN_QUOTED_INCLUDE_IN_FRAMEWORK_HEADER = YES;
				CLANG_WARN_RANGE_LOOP_ANALYSIS = YES;
				CLANG_WARN_STRICT_PROTOTYPES = YES;
				CLANG_WARN_SUSPICIOUS_MOVE = YES;
				CLANG_WARN_UNGUARDED_AVAILABILITY = YES_AGGRESSIVE;
				CLANG_WARN_UNREACHABLE_CODE = YES;
				CLANG_WARN__DUPLICATE_METHOD_MATCH = YES;
				COPY_PHASE_STRIP = NO;
				DEBUG_INFORMATION_FORMAT = "dwarf-with-dsym";
				ENABLE_NS_ASSERTIONS = NO;
				ENABLE_STRICT_OBJC_MSGSEND = YES;
				GCC_C_LANGUAGE_STANDARD = gnu11;
				GCC_NO_COMMON_BLOCKS = YES;
				GCC_WARN_64_TO_32_BIT_CONVERSION = YES;
				GCC_WARN_ABOUT_RETURN_TYPE = YES_ERROR;
				GCC_WARN_UNDECLARED_SELECTOR = YES;
				GCC_WARN_UNINITIALIZED_AUTOS = YES_AGGRESSIVE;
				GCC_WARN_UNUSED_FUNCTION = YES;
				GCC_WARN_UNUSED_VARIABLE = YES;
				IPHONEOS_DEPLOYMENT_TARGET = 13.0;
				MTL_ENABLE_DEBUG_INFO = NO;
				MTL_FAST_MATH = YES;
				SDKROOT = iphoneos;
				SWIFT_COMPILATION_MODE = wholemodule;
				SWIFT_OPTIMIZATION_LEVEL = "-O";
				VALIDATE_PRODUCT = YES;
			};
			name = Release;
		};
		CF100D9626CAB55100C7672A /* Debug */ = {
			isa = XCBuildConfiguration;
			buildSettings = {
				ASSETCATALOG_COMPILER_APPICON_NAME = AppIcon;
				ASSETCATALOG_COMPILER_GLOBAL_ACCENT_COLOR_NAME = AccentColor;
				CODE_SIGN_STYLE = Automatic;
				DEVELOPMENT_TEAM = 4RQRV7P524;
				INFOPLIST_FILE = BikeAeroSensor/Info.plist;
				LD_RUNPATH_SEARCH_PATHS = (
					"$(inherited)",
					"@executable_path/Frameworks",
				);
				PRODUCT_BUNDLE_IDENTIFIER = com.fyn.BikeAeroSensor;
				PRODUCT_NAME = "$(TARGET_NAME)";
				SWIFT_VERSION = 5.0;
				TARGETED_DEVICE_FAMILY = "1,2";
			};
			name = Debug;
		};
		CF100D9726CAB55100C7672A /* Release */ = {
			isa = XCBuildConfiguration;
			buildSettings = {
				ASSETCATALOG_COMPILER_APPICON_NAME = AppIcon;
				ASSETCATALOG_COMPILER_GLOBAL_ACCENT_COLOR_NAME = AccentColor;
				CODE_SIGN_STYLE = Automatic;
				DEVELOPMENT_TEAM = 4RQRV7P524;
				INFOPLIST_FILE = BikeAeroSensor/Info.plist;
				LD_RUNPATH_SEARCH_PATHS = (
					"$(inherited)",
					"@executable_path/Frameworks",
				);
				PRODUCT_BUNDLE_IDENTIFIER = com.fyn.BikeAeroSensor;
				PRODUCT_NAME = "$(TARGET_NAME)";
				SWIFT_VERSION = 5.0;
				TARGETED_DEVICE_FAMILY = "1,2";
			};
			name = Release;
		};
/* End XCBuildConfiguration section */

/* Begin XCConfigurationList section */
		CF100D7C26CAB54B00C7672A /* Build configuration list for PBXProject "BikeAeroSensor" */ = {
			isa = XCConfigurationList;
			buildConfigurations = (
				CF100D9326CAB55100C7672A /* Debug */,
				CF100D9426CAB55100C7672A /* Release */,
			);
			defaultConfigurationIsVisible = 0;
			defaultConfigurationName = Release;
		};
		CF100D9526CAB55100C7672A /* Build configuration list for PBXNativeTarget "BikeAeroSensor" */ = {
			isa = XCConfigurationList;
			buildConfigurations = (
				CF100D9626CAB55100C7672A /* Debug */,
				CF100D9726CAB55100C7672A /* Release */,
			);
			defaultConfigurationIsVisible = 0;
			defaultConfigurationName = Release;
		};
/* End XCConfigurationList section */

/* Begin XCRemoteSwiftPackageReference section */
		CF100D9926CAB75800C7672A /* XCRemoteSwiftPackageReference "CocoaAsyncSocket" */ = {
			isa = XCRemoteSwiftPackageReference;
			repositoryURL = "https://github.com/robbiehanson/CocoaAsyncSocket.git";
			requirement = {
				kind = upToNextMajorVersion;
				minimumVersion = 7.6.5;
			};
		};
		CF100DD626CEBA9000C7672A /* XCRemoteSwiftPackageReference "swift-algorithms" */ = {
			isa = XCRemoteSwiftPackageReference;
			repositoryURL = "https://github.com/apple/swift-algorithms.git";
			requirement = {
				kind = upToNextMajorVersion;
				minimumVersion = 0.2.1;
			};
		};
		CF100DDD26D0CB9E00C7672A /* XCRemoteSwiftPackageReference "PathKit" */ = {
			isa = XCRemoteSwiftPackageReference;
			repositoryURL = "https://github.com/kylef/PathKit.git";
			requirement = {
				kind = upToNextMajorVersion;
				minimumVersion = 1.0.0;
			};
		};
		CF46DE7B26D0F6A7005A7CB0 /* XCRemoteSwiftPackageReference "Zip" */ = {
			isa = XCRemoteSwiftPackageReference;
			repositoryURL = "https://github.com/marmelroy/Zip.git";
			requirement = {
				kind = upToNextMajorVersion;
				minimumVersion = 2.1.1;
			};
		};
/* End XCRemoteSwiftPackageReference section */

/* Begin XCSwiftPackageProductDependency section */
		CF100D9A26CAB75800C7672A /* CocoaAsyncSocket */ = {
			isa = XCSwiftPackageProductDependency;
			package = CF100D9926CAB75800C7672A /* XCRemoteSwiftPackageReference "CocoaAsyncSocket" */;
			productName = CocoaAsyncSocket;
		};
		CF100DD726CEBA9000C7672A /* Algorithms */ = {
			isa = XCSwiftPackageProductDependency;
			package = CF100DD626CEBA9000C7672A /* XCRemoteSwiftPackageReference "swift-algorithms" */;
			productName = Algorithms;
		};
		CF100DDE26D0CB9E00C7672A /* PathKit */ = {
			isa = XCSwiftPackageProductDependency;
			package = CF100DDD26D0CB9E00C7672A /* XCRemoteSwiftPackageReference "PathKit" */;
			productName = PathKit;
		};
		CF46DE7C26D0F6A7005A7CB0 /* Zip */ = {
			isa = XCSwiftPackageProductDependency;
			package = CF46DE7B26D0F6A7005A7CB0 /* XCRemoteSwiftPackageReference "Zip" */;
			productName = Zip;
		};
/* End XCSwiftPackageProductDependency section */
	};
	rootObject = CF100D7926CAB54B00C7672A /* Project object */;
}
